
Microsoft Visual Studio Solution File, Format Version 12.00
# Visual Studio Version 17
VisualStudioVersion = 17.12.35527.113 d17.12
MinimumVisualStudioVersion = 10.0.40219.1
Project("{FAE04EC0-301F-11D3-BF4B-00C04F79EFBC}") = "TodoApi", "TodoApi.csproj", "{1167A5D2-99C6-45DF-914B-476487520C5B}"
EndProject
Global
	GlobalSection(SolutionConfigurationPlatforms) = preSolution
		Debug|Any CPU = Debug|Any CPU
		Release|Any CPU = Release|Any CPU
	EndGlobalSection
	GlobalSection(ProjectConfigurationPlatforms) = postSolution
		{1167A5D2-99C6-45DF-914B-476487520C5B}.Debug|Any CPU.ActiveCfg = Debug|Any CPU
		{1167A5D2-99C6-45DF-914B-476487520C5B}.Debug|Any CPU.Build.0 = Debug|Any CPU
		{1167A5D2-99C6-45DF-914B-476487520C5B}.Release|Any CPU.ActiveCfg = Release|Any CPU
		{1167A5D2-99C6-45DF-914B-476487520C5B}.Release|Any CPU.Build.0 = Release|Any CPU
	EndGlobalSection
	GlobalSection(SolutionProperties) = preSolution
		HideSolutionNode = FALSE
	EndGlobalSection
EndGlobal
